
Microsoft Visual Studio Solution File, Format Version 12.00
# Visual Studio Version 16
VisualStudioVersion = 16.0.30523.141
MinimumVisualStudioVersion = 10.0.40219.1
Project("{9A19103F-16F7-4668-BE54-9A1E7A4F7556}") = "OefeningenProgrammeren", "OefeningenProgrammeren\OefeningenProgrammeren.csproj", "{888DADD8-15E8-41F3-B030-590F1BCC3F45}"
EndProject

Global
	GlobalSection(SolutionConfigurationPlatforms) = preSolution
		Debug|Any CPU = Debug|Any CPU
		Release|Any CPU = Release|Any CPU
	EndGlobalSection
	GlobalSection(ProjectConfigurationPlatforms) = postSolution
		{888DADD8-15E8-41F3-B030-590F1BCC3F45}.Debug|Any CPU.ActiveCfg = Debug|Any CPU
		{888DADD8-15E8-41F3-B030-590F1BCC3F45}.Debug|Any CPU.Build.0 = Debug|Any CPU
		{888DADD8-15E8-41F3-B030-590F1BCC3F45}.Release|Any CPU.ActiveCfg = Release|Any CPU
		{888DADD8-15E8-41F3-B030-590F1BCC3F45}.Release|Any CPU.Build.0 = Release|Any CPU
		{6F2797FE-C4F0-47A8-A593-337628712AA2}.Debug|Any CPU.ActiveCfg = Debug|Any CPU
		{6F2797FE-C4F0-47A8-A593-337628712AA2}.Debug|Any CPU.Build.0 = Debug|Any CPU
		{6F2797FE-C4F0-47A8-A593-337628712AA2}.Release|Any CPU.ActiveCfg = Release|Any CPU
		{6F2797FE-C4F0-47A8-A593-337628712AA2}.Release|Any CPU.Build.0 = Release|Any CPU
	EndGlobalSection
	GlobalSection(SolutionProperties) = preSolution
		HideSolutionNode = FALSE
	EndGlobalSection
	GlobalSection(ExtensibilityGlobals) = postSolution
		SolutionGuid = {E9309B3A-4E21-4229-9932-5BDA6238808F}
	EndGlobalSection
EndGlobal
